
Microsoft Visual Studio Solution File, Format Version 12.00
# Visual Studio Version 16
VisualStudioVersion = 16.0.29709.97
MinimumVisualStudioVersion = 10.0.40219.1
Project("{9A19103F-16F7-4668-BE54-9A1E7A4F7556}") = "GooglePhotosAPI", "GooglePhotosAPI.csproj", "{1B1572ED-1306-4D68-A464-C1CF5FD4870E}"
EndProject
Global
	GlobalSection(SolutionConfigurationPlatforms) = preSolution
		Debug|Any CPU = Debug|Any CPU
		Release|Any CPU = Release|Any CPU
	EndGlobalSection
	GlobalSection(ProjectConfigurationPlatforms) = postSolution
		{1B1572ED-1306-4D68-A464-C1CF5FD4870E}.Debug|Any CPU.ActiveCfg = Debug|Any CPU
		{1B1572ED-1306-4D68-A464-C1CF5FD4870E}.Debug|Any CPU.Build.0 = Debug|Any CPU
		{1B1572ED-1306-4D68-A464-C1CF5FD4870E}.Release|Any CPU.ActiveCfg = Release|Any CPU
		{1B1572ED-1306-4D68-A464-C1CF5FD4870E}.Release|Any CPU.Build.0 = Release|Any CPU
	EndGlobalSection
	GlobalSection(SolutionProperties) = preSolution
		HideSolutionNode = FALSE
	EndGlobalSection
	GlobalSection(ExtensibilityGlobals) = postSolution
		SolutionGuid = {3790FBEF-8EEA-43E0-A1A5-B6D37E0D0A69}
	EndGlobalSection
EndGlobal
